
Microsoft Visual Studio Solution File, Format Version 12.00
# Visual Studio 15
VisualStudioVersion = 15.0.34031.82
MinimumVisualStudioVersion = 10.0.40219.1
Project("{FAE04EC0-301F-11D3-BF4B-00C04F79EFBC}") = "HamburgerGame", "HamburgerGame\HamburgerGame.csproj", "{75EC164D-44FA-4A20-9AA2-D0B0F5653D7E}"
EndProject
Global
	GlobalSection(SolutionConfigurationPlatforms) = preSolution
		Debug|Any CPU = Debug|Any CPU
		Release|Any CPU = Release|Any CPU
	EndGlobalSection
	GlobalSection(ProjectConfigurationPlatforms) = postSolution
		{75EC164D-44FA-4A20-9AA2-D0B0F5653D7E}.Debug|Any CPU.ActiveCfg = Debug|Any CPU
		{75EC164D-44FA-4A20-9AA2-D0B0F5653D7E}.Debug|Any CPU.Build.0 = Debug|Any CPU
		{75EC164D-44FA-4A20-9AA2-D0B0F5653D7E}.Release|Any CPU.ActiveCfg = Release|Any CPU
		{75EC164D-44FA-4A20-9AA2-D0B0F5653D7E}.Release|Any CPU.Build.0 = Release|Any CPU
	EndGlobalSection
	GlobalSection(SolutionProperties) = preSolution
		HideSolutionNode = FALSE
	EndGlobalSection
	GlobalSection(ExtensibilityGlobals) = postSolution
		SolutionGuid = {E7259ADF-C35F-4ED8-9ADC-E18106D84D07}
	EndGlobalSection
EndGlobal
